# Provenance of .agents/skills/materialize-docs. Written by the
# update-materialize-docs-skill workflow; do not edit by hand.
mz_ref: main
mz_commit: 1d1348c48bbd3994b9252d240529f1e33929e19c
doc_user_tree: c10d65c25a1d3521ac587f87a161be4c8acd878b
gen_script_blob: e8e603a8f7cb56d6b8e65f03e64b644d95f5e8a5
hugo_version: 0.152.2
